schema_version: 1
campaign_version: FSSR-R2-48K-v2
parent_campaign: FSSR-R2-48K-v1
status: frozen_before_first_scientific_run
base_protocol_path: configs/r2_48k/protocol.yaml
overlay_protocol_path: configs/r2_48k_v2/protocol.yaml
amendment_scope: evidence_serialization_only
frozen_at: 2026-08-28T09:00:00+02:00
scientific_runs_launched: 0
parent_verdict: INVALID
parent_artifacts_immutable: true
scientific_thresholds_changed: false
fixtures_modes_probes_changed: false
physical_192khz_dataset_available: false
fm9_proxy_allowed: false
development_outputs_previously_observed: true
internal_validation_test_outputs_observed: false
external_report_only_locked: true
amendment_policy: any_further_scientific_change_requires_new_campaign_version
