schema_version: 1
campaign_version: FSSR-QUALITY-AA-v2
campaign_key: quality_aa_v2
parent_campaign: FSSR-QUALITY-AA-v1
base_protocol_path: configs/quality_aa_v1/protocol.yaml
overlay_protocol_path: configs/quality_aa_v2/protocol.yaml
status: frozen_before_first_scientific_run
frozen_at: 2026-08-28T10:41:22+02:00
scientific_runs_launched: 0
amendment_scope: yaml_key_typing_and_strict_mapping_validation_only
scientific_thresholds_changed: false
fixtures_routes_probes_changed: false
parent_numeric_evidence_reused: false
parent_artifacts_immutable: true
parent_verdict: INVALID
parent_candidate_route_outputs_observed: false
physical_audio_allowed: false
fm9_proxy_allowed: false
external_report_only_locked: true
source_snapshot_required_for_every_run: true
amendment_policy: any_further_scientific_change_requires_new_campaign_version
