schema_version: 1
campaign_version: FSSR-R2-48K-v1
parent_campaign: FSSR-R2-v1
status: frozen_before_first_scientific_run
protocol_path: configs/r2_48k/protocol.yaml
frozen_at: 2026-08-28T00:00:00+02:00
scientific_runs_launched: 0
physical_192khz_dataset_available: false
fm9_proxy_allowed: false
development_outputs_previously_observed: true
internal_validation_test_outputs_observed: false
external_report_only_locked: true
amendment_policy: any_scientific_change_requires_new_campaign_version
